<?xml version="1.0" encoding="utf-8"?>
<Project ToolsVersion="4.0" xmlns="http://schemas.microsoft.com/developer/msbuild/2003">
  <ItemGroup>
    <ClInclude Include="ToolsCommon.h" />
    <ClInclude Include="PrimitiveMesh.h" />
    <ClInclude Include="Geometry.h" />
    <ClInclude Include="FbxImporter.h" />
    <ClInclude Include="ObjImporter.h" />
    <ClInclude Include="TemplateShader\PBR_Template_Shader_v1.h" />
    <ClInclude Include="meshoptimizer\meshoptimizer.h" />
  </ItemGroup>
  <ItemGroup>
    <ClCompile Include="PrimitiveMesh.cpp" />
    <ClCompile Include="Geometry.cpp" />
    <ClCompile Include="FbxImporter.cpp" />
    <ClCompile Include="ObjImporter.cpp" />
    <ClCompile Include="TextureImporter.cpp" />
    <ClCompile Include="NormalMapIdentification.cpp" />
    <ClCompile Include="ContentTools.cpp" />
    <ClCompile Include="meshoptimizer\allocator.cpp" />
    <ClCompile Include="meshoptimizer\clusterizer.cpp" />
    <ClCompile Include="meshoptimizer\indexcodec.cpp" />
    <ClCompile Include="meshoptimizer\indexgenerator.cpp" />
    <ClCompile Include="meshoptimizer\overdrawanalyzer.cpp" />
    <ClCompile Include="meshoptimizer\overdrawoptimizer.cpp" />
    <ClCompile Include="meshoptimizer\quantization.cpp" />
    <ClCompile Include="meshoptimizer\simplifier.cpp" />
    <ClCompile Include="meshoptimizer\spatialorder.cpp" />
    <ClCompile Include="meshoptimizer\stripifier.cpp" />
    <ClCompile Include="meshoptimizer\vcacheanalyzer.cpp" />
    <ClCompile Include="meshoptimizer\vcacheoptimizer.cpp" />
    <ClCompile Include="meshoptimizer\vertexcodec.cpp" />
    <ClCompile Include="meshoptimizer\vertexfilter.cpp" />
    <ClCompile Include="meshoptimizer\vfetchanalyzer.cpp" />
    <ClCompile Include="meshoptimizer\vfetchoptimizer.cpp" />
  </ItemGroup>
  <ItemGroup>
    <None Include="packages.config" />
    <None Include=".gitignore" />
  </ItemGroup>
</Project>